
Microsoft Visual Studio Solution File, Format Version 12.00
# Visual Studio Version 17
VisualStudioVersion = 17.0.32126.317
MinimumVisualStudioVersion = 10.0.40219.1
Project("{9A19103F-16F7-4668-BE54-9A1E7A4F7556}") = "the-contract-creator", "the-contract-creator\the-contract-creator.csproj", "{22DA316B-9764-4E7B-9360-406B13CD6037}"
EndProject
Project("{9A19103F-16F7-4668-BE54-9A1E7A4F7556}") = "Service", "Service\Service.csproj", "{FDAD9C74-402A-45E8-A6CB-9922507ED9B5}"
EndProject
Project("{2150E333-8FDC-42A3-9474-1A3956D46DE8}") = "txtfiles", "txtfiles", "{DFABD0D1-DD0C-403E-8DED-B241305C4F10}"
	ProjectSection(SolutionItems) = preProject
		buyer-info.html = buyer-info.html
		contract-footer.html = contract-footer.html
		contract-header.html = contract-header.html
		purchase-agreement.html = purchase-agreement.html
		rental-agreement-two-buyers.html = rental-agreement-two-buyers.html
		rental-agreement.html = rental-agreement.html
	EndProjectSection
EndProject
Global
	GlobalSection(SolutionConfigurationPlatforms) = preSolution
		Debug|Any CPU = Debug|Any CPU
		Release|Any CPU = Release|Any CPU
	EndGlobalSection
	GlobalSection(ProjectConfigurationPlatforms) = postSolution
		{22DA316B-9764-4E7B-9360-406B13CD6037}.Debug|Any CPU.ActiveCfg = Debug|Any CPU
		{22DA316B-9764-4E7B-9360-406B13CD6037}.Debug|Any CPU.Build.0 = Debug|Any CPU
		{22DA316B-9764-4E7B-9360-406B13CD6037}.Release|Any CPU.ActiveCfg = Release|Any CPU
		{22DA316B-9764-4E7B-9360-406B13CD6037}.Release|Any CPU.Build.0 = Release|Any CPU
		{FDAD9C74-402A-45E8-A6CB-9922507ED9B5}.Debug|Any CPU.ActiveCfg = Debug|Any CPU
		{FDAD9C74-402A-45E8-A6CB-9922507ED9B5}.Debug|Any CPU.Build.0 = Debug|Any CPU
		{FDAD9C74-402A-45E8-A6CB-9922507ED9B5}.Release|Any CPU.ActiveCfg = Release|Any CPU
		{FDAD9C74-402A-45E8-A6CB-9922507ED9B5}.Release|Any CPU.Build.0 = Release|Any CPU
	EndGlobalSection
	GlobalSection(SolutionProperties) = preSolution
		HideSolutionNode = FALSE
	EndGlobalSection
	GlobalSection(ExtensibilityGlobals) = postSolution
		SolutionGuid = {3B48203E-31AA-4CC2-99D7-6AEDA2D44A15}
	EndGlobalSection
EndGlobal
